
Microsoft Visual Studio Solution File, Format Version 12.00
# Visual Studio Version 17
VisualStudioVersion = 17.11.35222.181
MinimumVisualStudioVersion = 10.0.40219.1
Project("{FAE04EC0-301F-11D3-BF4B-00C04F79EFBC}") = "PharmacyManagement System", "PharmacyManagement System.csproj", "{C4D6A243-6B02-483F-A1D2-C8870A0CAB45}"
EndProject
Global
	GlobalSection(SolutionConfigurationPlatforms) = preSolution
		Debug|Any CPU = Debug|Any CPU
		Release|Any CPU = Release|Any CPU
	EndGlobalSection
	GlobalSection(ProjectConfigurationPlatforms) = postSolution
		{C4D6A243-6B02-483F-A1D2-C8870A0CAB45}.Debug|Any CPU.ActiveCfg = Debug|Any CPU
		{C4D6A243-6B02-483F-A1D2-C8870A0CAB45}.Debug|Any CPU.Build.0 = Debug|Any CPU
		{C4D6A243-6B02-483F-A1D2-C8870A0CAB45}.Release|Any CPU.ActiveCfg = Release|Any CPU
		{C4D6A243-6B02-483F-A1D2-C8870A0CAB45}.Release|Any CPU.Build.0 = Release|Any CPU
	EndGlobalSection
	GlobalSection(SolutionProperties) = preSolution
		HideSolutionNode = FALSE
	EndGlobalSection
	GlobalSection(ExtensibilityGlobals) = postSolution
		SolutionGuid = {5280B411-97C6-4301-AAB4-0DD0C3B233C7}
	EndGlobalSection
EndGlobal
